
Microsoft Visual Studio Solution File, Format Version 12.00
# Visual Studio Version 17
VisualStudioVersion = 17.14.36221.1 d17.14
MinimumVisualStudioVersion = 10.0.40219.1
Project("{FAE04EC0-301F-11D3-BF4B-00C04F79EFBC}") = "EventManagement", "EventManagement\EventManagement.csproj", "{CEBD196D-825F-4274-85A6-76C3FAB0017D}"
EndProject
Global
	GlobalSection(SolutionConfigurationPlatforms) = preSolution
		Debug|Any CPU = Debug|Any CPU
		Release|Any CPU = Release|Any CPU
	EndGlobalSection
	GlobalSection(ProjectConfigurationPlatforms) = postSolution
		{CEBD196D-825F-4274-85A6-76C3FAB0017D}.Debug|Any CPU.ActiveCfg = Debug|Any CPU
		{CEBD196D-825F-4274-85A6-76C3FAB0017D}.Debug|Any CPU.Build.0 = Debug|Any CPU
		{CEBD196D-825F-4274-85A6-76C3FAB0017D}.Release|Any CPU.ActiveCfg = Release|Any CPU
		{CEBD196D-825F-4274-85A6-76C3FAB0017D}.Release|Any CPU.Build.0 = Release|Any CPU
	EndGlobalSection
	GlobalSection(SolutionProperties) = preSolution
		HideSolutionNode = FALSE
	EndGlobalSection
	GlobalSection(ExtensibilityGlobals) = postSolution
		SolutionGuid = {2C9E102F-21AF-4332-9991-87227AD5D20E}
	EndGlobalSection
EndGlobal
